// !$*UTF8*$!
{
	archiveVersion = 1;
	classes = {
	};
	objectVersion = 50;
	objects = {

/* Begin PBXBuildFile section */
		FC31C25624F8D39A00192A83 /* AppDelegate.swift in Sources */ = {isa = PBXBuildFile; fileRef = FC31C25524F8D39A00192A83 /* AppDelegate.swift */; };
		FC31C25824F8D39A00192A83 /* SceneDelegate.swift in Sources */ = {isa = PBXBuildFile; fileRef = FC31C25724F8D39A00192A83 /* SceneDelegate.swift */; };
		FC31C25A24F8D39A00192A83 /* ViewController.swift in Sources */ = {isa = PBXBuildFile; fileRef = FC31C25924F8D39A00192A83 /* ViewController.swift */; };
		FC31C25D24F8D39A00192A83 /* Main.storyboard in Resources */ = {isa = PBXBuildFile; fileRef = FC31C25B24F8D39A00192A83 /* Main.storyboard */; };
		FC31C25F24F8D39D00192A83 /* Assets.xcassets in Resources */ = {isa = PBXBuildFile; fileRef = FC31C25E24F8D39D00192A83 /* Assets.xcassets */; };
		FC31C26224F8D39D00192A83 /* LaunchScreen.storyboard in Resources */ = {isa = PBXBuildFile; fileRef = FC31C26024F8D39D00192A83 /* LaunchScreen.storyboard */; };
		FC31C26724F8D39D00192A83 /* TimeTracker WatchKit App.app in Embed Watch Content */ = {isa = PBXBuildFile; fileRef = FC31C26624F8D39D00192A83 /* TimeTracker WatchKit App.app */; settings = {ATTRIBUTES = (RemoveHeadersOnCopy, ); }; };
		FC31C26D24F8D39D00192A83 /* Interface.storyboard in Resources */ = {isa = PBXBuildFile; fileRef = FC31C26B24F8D39D00192A83 /* Interface.storyboard */; };
		FC31C26F24F8D39E00192A83 /* Assets.xcassets in Resources */ = {isa = PBXBuildFile; fileRef = FC31C26E24F8D39E00192A83 /* Assets.xcassets */; };
		FC31C27624F8D39E00192A83 /* TimeTracker WatchKit Extension.appex in Embed App Extensions */ = {isa = PBXBuildFile; fileRef = FC31C27524F8D39E00192A83 /* TimeTracker WatchKit Extension.appex */; settings = {ATTRIBUTES = (RemoveHeadersOnCopy, ); }; };
		FC31C27B24F8D39E00192A83 /* InterfaceController.swift in Sources */ = {isa = PBXBuildFile; fileRef = FC31C27A24F8D39E00192A83 /* InterfaceController.swift */; };
		FC31C27D24F8D39E00192A83 /* ExtensionDelegate.swift in Sources */ = {isa = PBXBuildFile; fileRef = FC31C27C24F8D39E00192A83 /* ExtensionDelegate.swift */; };
		FC31C27F24F8D39F00192A83 /* Assets.xcassets in Resources */ = {isa = PBXBuildFile; fileRef = FC31C27E24F8D39F00192A83 /* Assets.xcassets */; };
/* End PBXBuildFile section */

/* Begin PBXContainerItemProxy section */
		FC31C26824F8D39D00192A83 /* PBXContainerItemProxy */ = {
			isa = PBXContainerItemProxy;
			containerPortal = FC31C24A24F8D39A00192A83 /* Project object */;
			proxyType = 1;
			remoteGlobalIDString = FC31C26524F8D39D00192A83;
			remoteInfo = "TimeTracker WatchKit App";
		};
		FC31C27724F8D39E00192A83 /* PBXContainerItemProxy */ = {
			isa = PBXContainerItemProxy;
			containerPortal = FC31C24A24F8D39A00192A83 /* Project object */;
			proxyType = 1;
			remoteGlobalIDString = FC31C27424F8D39E00192A83;
			remoteInfo = "TimeTracker WatchKit Extension";
		};
/* End PBXContainerItemProxy section */

/* Begin PBXCopyFilesBuildPhase section */
		FC31C28624F8D39F00192A83 /* Embed App Extensions */ = {
			isa = PBXCopyFilesBuildPhase;
			buildActionMask = 2147483647;
			dstPath = "";
			dstSubfolderSpec = 13;
			files = (
				FC31C27624F8D39E00192A83 /* TimeTracker WatchKit Extension.appex in Embed App Extensions */,
			);
			name = "Embed App Extensions";
			runOnlyForDeploymentPostprocessing = 0;
		};
		FC31C28A24F8D39F00192A83 /* Embed Watch Content */ = {
			isa = PBXCopyFilesBuildPhase;
			buildActionMask = 2147483647;
			dstPath = "$(CONTENTS_FOLDER_PATH)/Watch";
			dstSubfolderSpec = 16;
			files = (
				FC31C26724F8D39D00192A83 /* TimeTracker WatchKit App.app in Embed Watch Content */,
			);
			name = "Embed Watch Content";
			runOnlyForDeploymentPostprocessing = 0;
		};
/* End PBXCopyFilesBuildPhase section */

/* Begin PBXFileReference section */
		FC31C25224F8D39A00192A83 /* TimeTracker.app */ = {isa = PBXFileReference; explicitFileType = wrapper.application; includeInIndex = 0; path = TimeTracker.app; sourceTree = BUILT_PRODUCTS_DIR; };
		FC31C25524F8D39A00192A83 /* AppDelegate.swift */ = {isa = PBXFileReference; lastKnownFileType = sourcecode.swift; path = AppDelegate.swift; sourceTree = "<group>"; };
		FC31C25724F8D39A00192A83 /* SceneDelegate.swift */ = {isa = PBXFileReference; lastKnownFileType = sourcecode.swift; path = SceneDelegate.swift; sourceTree = "<group>"; };
		FC31C25924F8D39A00192A83 /* ViewController.swift */ = {isa = PBXFileReference; lastKnownFileType = sourcecode.swift; path = ViewController.swift; sourceTree = "<group>"; };
		FC31C25C24F8D39A00192A83 /* Base */ = {isa = PBXFileReference; lastKnownFileType = file.storyboard; name = Base; path = Base.lproj/Main.storyboard; sourceTree = "<group>"; };
		FC31C25E24F8D39D00192A83 /* Assets.xcassets */ = {isa = PBXFileReference; lastKnownFileType = folder.assetcatalog; path = Assets.xcassets; sourceTree = "<group>"; };
		FC31C26124F8D39D00192A83 /* Base */ = {isa = PBXFileReference; lastKnownFileType = file.storyboard; name = Base; path = Base.lproj/LaunchScreen.storyboard; sourceTree = "<group>"; };
		FC31C26324F8D39D00192A83 /* Info.plist */ = {isa = PBXFileReference; lastKnownFileType = text.plist.xml; path = Info.plist; sourceTree = "<group>"; };
		FC31C26624F8D39D00192A83 /* TimeTracker WatchKit App.app */ = {isa = PBXFileReference; explicitFileType = wrapper.application; includeInIndex = 0; path = "TimeTracker WatchKit App.app"; sourceTree = BUILT_PRODUCTS_DIR; };
		FC31C26C24F8D39D00192A83 /* Base */ = {isa = PBXFileReference; lastKnownFileType = file.storyboard; name = Base; path = Base.lproj/Interface.storyboard; sourceTree = "<group>"; };
		FC31C26E24F8D39E00192A83 /* Assets.xcassets */ = {isa = PBXFileReference; lastKnownFileType = folder.assetcatalog; path = Assets.xcassets; sourceTree = "<group>"; };
		FC31C27024F8D39E00192A83 /* Info.plist */ = {isa = PBXFileReference; lastKnownFileType = text.plist.xml; path = Info.plist; sourceTree = "<group>"; };
		FC31C27524F8D39E00192A83 /* TimeTracker WatchKit Extension.appex */ = {isa = PBXFileReference; explicitFileType = "wrapper.app-extension"; includeInIndex = 0; path = "TimeTracker WatchKit Extension.appex"; sourceTree = BUILT_PRODUCTS_DIR; };
		FC31C27A24F8D39E00192A83 /* InterfaceController.swift */ = {isa = PBXFileReference; lastKnownFileType = sourcecode.swift; path = InterfaceController.swift; sourceTree = "<group>"; };
		FC31C27C24F8D39E00192A83 /* ExtensionDelegate.swift */ = {isa = PBXFileReference; lastKnownFileType = sourcecode.swift; path = ExtensionDelegate.swift; sourceTree = "<group>"; };
		FC31C27E24F8D39F00192A83 /* Assets.xcassets */ = {isa = PBXFileReference; lastKnownFileType = folder.assetcatalog; path = Assets.xcassets; sourceTree = "<group>"; };
		FC31C28024F8D39F00192A83 /* Info.plist */ = {isa = PBXFileReference; lastKnownFileType = text.plist.xml; path = Info.plist; sourceTree = "<group>"; };
/* End PBXFileReference section */

/* Begin PBXFrameworksBuildPhase section */
		FC31C24F24F8D39A00192A83 /* Frameworks */ = {
			isa = PBXFrameworksBuildPhase;
			buildActionMask = 2147483647;
			files = (
			);
			runOnlyForDeploymentPostprocessing = 0;
		};
		FC31C27224F8D39E00192A83 /* Frameworks */ = {
			isa = PBXFrameworksBuildPhase;
			buildActionMask = 2147483647;
			files = (
			);
			runOnlyForDeploymentPostprocessing = 0;
		};
/* End PBXFrameworksBuildPhase section */

/* Begin PBXGroup section */
		FC31C24924F8D39A00192A83 = {
			isa = PBXGroup;
			children = (
				FC31C25424F8D39A00192A83 /* TimeTracker */,
				FC31C26A24F8D39D00192A83 /* TimeTracker WatchKit App */,
				FC31C27924F8D39E00192A83 /* TimeTracker WatchKit Extension */,
				FC31C25324F8D39A00192A83 /* Products */,
			);
			sourceTree = "<group>";
		};
		FC31C25324F8D39A00192A83 /* Products */ = {
			isa = PBXGroup;
			children = (
				FC31C25224F8D39A00192A83 /* TimeTracker.app */,
				FC31C26624F8D39D00192A83 /* TimeTracker WatchKit App.app */,
				FC31C27524F8D39E00192A83 /* TimeTracker WatchKit Extension.appex */,
			);
			name = Products;
			sourceTree = "<group>";
		};
		FC31C25424F8D39A00192A83 /* TimeTracker */ = {
			isa = PBXGroup;
			children = (
				FC31C25524F8D39A00192A83 /* AppDelegate.swift */,
				FC31C25724F8D39A00192A83 /* SceneDelegate.swift */,
				FC31C25924F8D39A00192A83 /* ViewController.swift */,
				FC31C25B24F8D39A00192A83 /* Main.storyboard */,
				FC31C25E24F8D39D00192A83 /* Assets.xcassets */,
				FC31C26024F8D39D00192A83 /* LaunchScreen.storyboard */,
				FC31C26324F8D39D00192A83 /* Info.plist */,
			);
			path = TimeTracker;
			sourceTree = "<group>";
		};
		FC31C26A24F8D39D00192A83 /* TimeTracker WatchKit App */ = {
			isa = PBXGroup;
			children = (
				FC31C26B24F8D39D00192A83 /* Interface.storyboard */,
				FC31C26E24F8D39E00192A83 /* Assets.xcassets */,
				FC31C27024F8D39E00192A83 /* Info.plist */,
			);
			path = "TimeTracker WatchKit App";
			sourceTree = "<group>";
		};
		FC31C27924F8D39E00192A83 /* TimeTracker WatchKit Extension */ = {
			isa = PBXGroup;
			children = (
				FC31C27A24F8D39E00192A83 /* InterfaceController.swift */,
				FC31C27C24F8D39E00192A83 /* ExtensionDelegate.swift */,
				FC31C27E24F8D39F00192A83 /* Assets.xcassets */,
				FC31C28024F8D39F00192A83 /* Info.plist */,
			);
			path = "TimeTracker WatchKit Extension";
			sourceTree = "<group>";
		};
/* End PBXGroup section */

/* Begin PBXNativeTarget section */
		FC31C25124F8D39A00192A83 /* TimeTracker */ = {
			isa = PBXNativeTarget;
			buildConfigurationList = FC31C28B24F8D39F00192A83 /* Build configuration list for PBXNativeTarget "TimeTracker" */;
			buildPhases = (
				FC31C24E24F8D39A00192A83 /* Sources */,
				FC31C24F24F8D39A00192A83 /* Frameworks */,
				FC31C25024F8D39A00192A83 /* Resources */,
				FC31C28A24F8D39F00192A83 /* Embed Watch Content */,
			);
			buildRules = (
			);
			dependencies = (
				FC31C26924F8D39D00192A83 /* PBXTargetDependency */,
			);
			name = TimeTracker;
			productName = TimeTracker;
			productReference = FC31C25224F8D39A00192A83 /* TimeTracker.app */;
			productType = "com.apple.product-type.application";
		};
		FC31C26524F8D39D00192A83 /* TimeTracker WatchKit App */ = {
			isa = PBXNativeTarget;
			buildConfigurationList = FC31C28724F8D39F00192A83 /* Build configuration list for PBXNativeTarget "TimeTracker WatchKit App" */;
			buildPhases = (
				FC31C26424F8D39D00192A83 /* Resources */,
				FC31C28624F8D39F00192A83 /* Embed App Extensions */,
			);
			buildRules = (
			);
			dependencies = (
				FC31C27824F8D39E00192A83 /* PBXTargetDependency */,
			);
			name = "TimeTracker WatchKit App";
			productName = "TimeTracker WatchKit App";
			productReference = FC31C26624F8D39D00192A83 /* TimeTracker WatchKit App.app */;
			productType = "com.apple.product-type.application.watchapp2";
		};
		FC31C27424F8D39E00192A83 /* TimeTracker WatchKit Extension */ = {
			isa = PBXNativeTarget;
			buildConfigurationList = FC31C28324F8D39F00192A83 /* Build configuration list for PBXNativeTarget "TimeTracker WatchKit Extension" */;
			buildPhases = (
				FC31C27124F8D39E00192A83 /* Sources */,
				FC31C27224F8D39E00192A83 /* Frameworks */,
				FC31C27324F8D39E00192A83 /* Resources */,
			);
			buildRules = (
			);
			dependencies = (
			);
			name = "TimeTracker WatchKit Extension";
			productName = "TimeTracker WatchKit Extension";
			productReference = FC31C27524F8D39E00192A83 /* TimeTracker WatchKit Extension.appex */;
			productType = "com.apple.product-type.watchkit2-extension";
		};
/* End PBXNativeTarget section */

/* Begin PBXProject section */
		FC31C24A24F8D39A00192A83 /* Project object */ = {
			isa = PBXProject;
			attributes = {
				LastSwiftUpdateCheck = 1160;
				LastUpgradeCheck = 1160;
				ORGANIZATIONNAME = omrobbie;
				TargetAttributes = {
					FC31C25124F8D39A00192A83 = {
						CreatedOnToolsVersion = 11.6;
					};
					FC31C26524F8D39D00192A83 = {
						CreatedOnToolsVersion = 11.6;
					};
					FC31C27424F8D39E00192A83 = {
						CreatedOnToolsVersion = 11.6;
					};
				};
			};
			buildConfigurationList = FC31C24D24F8D39A00192A83 /* Build configuration list for PBXProject "TimeTracker" */;
			compatibilityVersion = "Xcode 9.3";
			developmentRegion = en;
			hasScannedForEncodings = 0;
			knownRegions = (
				en,
				Base,
			);
			mainGroup = FC31C24924F8D39A00192A83;
			productRefGroup = FC31C25324F8D39A00192A83 /* Products */;
			projectDirPath = "";
			projectRoot = "";
			targets = (
				FC31C25124F8D39A00192A83 /* TimeTracker */,
				FC31C26524F8D39D00192A83 /* TimeTracker WatchKit App */,
				FC31C27424F8D39E00192A83 /* TimeTracker WatchKit Extension */,
			);
		};
/* End PBXProject section */

/* Begin PBXResourcesBuildPhase section */
		FC31C25024F8D39A00192A83 /* Resources */ = {
			isa = PBXResourcesBuildPhase;
			buildActionMask = 2147483647;
			files = (
				FC31C26224F8D39D00192A83 /* LaunchScreen.storyboard in Resources */,
				FC31C25F24F8D39D00192A83 /* Assets.xcassets in Resources */,
				FC31C25D24F8D39A00192A83 /* Main.storyboard in Resources */,
			);
			runOnlyForDeploymentPostprocessing = 0;
		};
		FC31C26424F8D39D00192A83 /* Resources */ = {
			isa = PBXResourcesBuildPhase;
			buildActionMask = 2147483647;
			files = (
				FC31C26F24F8D39E00192A83 /* Assets.xcassets in Resources */,
				FC31C26D24F8D39D00192A83 /* Interface.storyboard in Resources */,
			);
			runOnlyForDeploymentPostprocessing = 0;
		};
		FC31C27324F8D39E00192A83 /* Resources */ = {
			isa = PBXResourcesBuildPhase;
			buildActionMask = 2147483647;
			files = (
				FC31C27F24F8D39F00192A83 /* Assets.xcassets in Resources */,
			);
			runOnlyForDeploymentPostprocessing = 0;
		};
/* End PBXResourcesBuildPhase section */

/* Begin PBXSourcesBuildPhase section */
		FC31C24E24F8D39A00192A83 /* Sources */ = {
			isa = PBXSourcesBuildPhase;
			buildActionMask = 2147483647;
			files = (
				FC31C25A24F8D39A00192A83 /* ViewController.swift in Sources */,
				FC31C25624F8D39A00192A83 /* AppDelegate.swift in Sources */,
				FC31C25824F8D39A00192A83 /* SceneDelegate.swift in Sources */,
			);
			runOnlyForDeploymentPostprocessing = 0;
		};
		FC31C27124F8D39E00192A83 /* Sources */ = {
			isa = PBXSourcesBuildPhase;
			buildActionMask = 2147483647;
			files = (
				FC31C27D24F8D39E00192A83 /* ExtensionDelegate.swift in Sources */,
				FC31C27B24F8D39E00192A83 /* InterfaceController.swift in Sources */,
			);
			runOnlyForDeploymentPostprocessing = 0;
		};
/* End PBXSourcesBuildPhase section */

/* Begin PBXTargetDependency section */
		FC31C26924F8D39D00192A83 /* PBXTargetDependency */ = {
			isa = PBXTargetDependency;
			target = FC31C26524F8D39D00192A83 /* TimeTracker WatchKit App */;
			targetProxy = FC31C26824F8D39D00192A83 /* PBXContainerItemProxy */;
		};
		FC31C27824F8D39E00192A83 /* PBXTargetDependency */ = {
			isa = PBXTargetDependency;
			target = FC31C27424F8D39E00192A83 /* TimeTracker WatchKit Extension */;
			targetProxy = FC31C27724F8D39E00192A83 /* PBXContainerItemProxy */;
		};
/* End PBXTargetDependency section */

/* Begin PBXVariantGroup section */
		FC31C25B24F8D39A00192A83 /* Main.storyboard */ = {
			isa = PBXVariantGroup;
			children = (
				FC31C25C24F8D39A00192A83 /* Base */,
			);
			name = Main.storyboard;
			sourceTree = "<group>";
		};
		FC31C26024F8D39D00192A83 /* LaunchScreen.storyboard */ = {
			isa = PBXVariantGroup;
			children = (
				FC31C26124F8D39D00192A83 /* Base */,
			);
			name = LaunchScreen.storyboard;
			sourceTree = "<group>";
		};
		FC31C26B24F8D39D00192A83 /* Interface.storyboard */ = {
			isa = PBXVariantGroup;
			children = (
				FC31C26C24F8D39D00192A83 /* Base */,
			);
			name = Interface.storyboard;
			sourceTree = "<group>";
		};
/* End PBXVariantGroup section */

/* Begin XCBuildConfiguration section */
		FC31C28124F8D39F00192A83 /* Debug */ = {
			isa = XCBuildConfiguration;
			buildSettings = {
				ALWAYS_SEARCH_USER_PATHS = NO;
				CLANG_ANALYZER_NONNULL = YES;
				CLANG_ANALYZER_NUMBER_OBJECT_CONVERSION = YES_AGGRESSIVE;
				CLANG_CXX_LANGUAGE_STANDARD = "gnu++14";
				CLANG_CXX_LIBRARY = "libc++";
				CLANG_ENABLE_MODULES = YES;
				CLANG_ENABLE_OBJC_ARC = YES;
				CLANG_ENABLE_OBJC_WEAK = YES;
				CLANG_WARN_BLOCK_CAPTURE_AUTORELEASING = YES;
				CLANG_WARN_BOOL_CONVERSION = YES;
				CLANG_WARN_COMMA = YES;
				CLANG_WARN_CONSTANT_CONVERSION = YES;
				CLANG_WARN_DEPRECATED_OBJC_IMPLEMENTATIONS = YES;
				CLANG_WARN_DIRECT_OBJC_ISA_USAGE = YES_ERROR;
				CLANG_WARN_DOCUMENTATION_COMMENTS = YES;
				CLANG_WARN_EMPTY_BODY = YES;
				CLANG_WARN_ENUM_CONVERSION = YES;
				CLANG_WARN_INFINITE_RECURSION = YES;
				CLANG_WARN_INT_CONVERSION = YES;
				CLANG_WARN_NON_LITERAL_NULL_CONVERSION = YES;
				CLANG_WARN_OBJC_IMPLICIT_RETAIN_SELF = YES;
				CLANG_WARN_OBJC_LITERAL_CONVERSION = YES;
				CLANG_WARN_OBJC_ROOT_CLASS = YES_ERROR;
				CLANG_WARN_RANGE_LOOP_ANALYSIS = YES;
				CLANG_WARN_STRICT_PROTOTYPES = YES;
				CLANG_WARN_SUSPICIOUS_MOVE = YES;
				CLANG_WARN_UNGUARDED_AVAILABILITY = YES_AGGRESSIVE;
				CLANG_WARN_UNREACHABLE_CODE = YES;
				CLANG_WARN__DUPLICATE_METHOD_MATCH = YES;
				COPY_PHASE_STRIP = NO;
				DEBUG_INFORMATION_FORMAT = dwarf;
				ENABLE_STRICT_OBJC_MSGSEND = YES;
				ENABLE_TESTABILITY = YES;
				GCC_C_LANGUAGE_STANDARD = gnu11;
				GCC_DYNAMIC_NO_PIC = NO;
				GCC_NO_COMMON_BLOCKS = YES;
				GCC_OPTIMIZATION_LEVEL = 0;
				GCC_PREPROCESSOR_DEFINITIONS = (
					"DEBUG=1",
					"$(inherited)",
				);
				GCC_WARN_64_TO_32_BIT_CONVERSION = YES;
				GCC_WARN_ABOUT_RETURN_TYPE = YES_ERROR;
				GCC_WARN_UNDECLARED_SELECTOR = YES;
				GCC_WARN_UNINITIALIZED_AUTOS = YES_AGGRESSIVE;
				GCC_WARN_UNUSED_FUNCTION = YES;
				GCC_WARN_UNUSED_VARIABLE = YES;
				IPHONEOS_DEPLOYMENT_TARGET = 13.6;
				MTL_ENABLE_DEBUG_INFO = INCLUDE_SOURCE;
				MTL_FAST_MATH = YES;
				ONLY_ACTIVE_ARCH = YES;
				SDKROOT = iphoneos;
				SWIFT_ACTIVE_COMPILATION_CONDITIONS = DEBUG;
				SWIFT_OPTIMIZATION_LEVEL = "-Onone";
			};
			name = Debug;
		};
		FC31C28224F8D39F00192A83 /* Release */ = {
			isa = XCBuildConfiguration;
			buildSettings = {
				ALWAYS_SEARCH_USER_PATHS = NO;
				CLANG_ANALYZER_NONNULL = YES;
				CLANG_ANALYZER_NUMBER_OBJECT_CONVERSION = YES_AGGRESSIVE;
				CLANG_CXX_LANGUAGE_STANDARD = "gnu++14";
				CLANG_CXX_LIBRARY = "libc++";
				CLANG_ENABLE_MODULES = YES;
				CLANG_ENABLE_OBJC_ARC = YES;
				CLANG_ENABLE_OBJC_WEAK = YES;
				CLANG_WARN_BLOCK_CAPTURE_AUTORELEASING = YES;
				CLANG_WARN_BOOL_CONVERSION = YES;
				CLANG_WARN_COMMA = YES;
				CLANG_WARN_CONSTANT_CONVERSION = YES;
				CLANG_WARN_DEPRECATED_OBJC_IMPLEMENTATIONS = YES;
				CLANG_WARN_DIRECT_OBJC_ISA_USAGE = YES_ERROR;
				CLANG_WARN_DOCUMENTATION_COMMENTS = YES;
				CLANG_WARN_EMPTY_BODY = YES;
				CLANG_WARN_ENUM_CONVERSION = YES;
				CLANG_WARN_INFINITE_RECURSION = YES;
				CLANG_WARN_INT_CONVERSION = YES;
				CLANG_WARN_NON_LITERAL_NULL_CONVERSION = YES;
				CLANG_WARN_OBJC_IMPLICIT_RETAIN_SELF = YES;
				CLANG_WARN_OBJC_LITERAL_CONVERSION = YES;
				CLANG_WARN_OBJC_ROOT_CLASS = YES_ERROR;
				CLANG_WARN_RANGE_LOOP_ANALYSIS = YES;
				CLANG_WARN_STRICT_PROTOTYPES = YES;
				CLANG_WARN_SUSPICIOUS_MOVE = YES;
				CLANG_WARN_UNGUARDED_AVAILABILITY = YES_AGGRESSIVE;
				CLANG_WARN_UNREACHABLE_CODE = YES;
				CLANG_WARN__DUPLICATE_METHOD_MATCH = YES;
				COPY_PHASE_STRIP = NO;
				DEBUG_INFORMATION_FORMAT = "dwarf-with-dsym";
				ENABLE_NS_ASSERTIONS = NO;
				ENABLE_STRICT_OBJC_MSGSEND = YES;
				GCC_C_LANGUAGE_STANDARD = gnu11;
				GCC_NO_COMMON_BLOCKS = YES;
				GCC_WARN_64_TO_32_BIT_CONVERSION = YES;
				GCC_WARN_ABOUT_RETURN_TYPE = YES_ERROR;
				GCC_WARN_UNDECLARED_SELECTOR = YES;
				GCC_WARN_UNINITIALIZED_AUTOS = YES_AGGRESSIVE;
				GCC_WARN_UNUSED_FUNCTION = YES;
				GCC_WARN_UNUSED_VARIABLE = YES;
				IPHONEOS_DEPLOYMENT_TARGET = 13.6;
				MTL_ENABLE_DEBUG_INFO = NO;
				MTL_FAST_MATH = YES;
				SDKROOT = iphoneos;
				SWIFT_COMPILATION_MODE = wholemodule;
				SWIFT_OPTIMIZATION_LEVEL = "-O";
				VALIDATE_PRODUCT = YES;
			};
			name = Release;
		};
		FC31C28424F8D39F00192A83 /* Debug */ = {
			isa = XCBuildConfiguration;
			buildSettings = {
				ASSETCATALOG_COMPILER_COMPLICATION_NAME = Complication;
				CODE_SIGN_STYLE = Automatic;
				INFOPLIST_FILE = "TimeTracker WatchKit Extension/Info.plist";
				LD_RUNPATH_SEARCH_PATHS = (
					"$(inherited)",
					"@executable_path/Frameworks",
					"@executable_path/../../Frameworks",
				);
				PRODUCT_BUNDLE_IDENTIFIER = com.omrobbie.TimeTracker.watchkitapp.watchkitextension;
				PRODUCT_NAME = "${TARGET_NAME}";
				SDKROOT = watchos;
				SKIP_INSTALL = YES;
				SWIFT_VERSION = 5.0;
				TARGETED_DEVICE_FAMILY = 4;
				WATCHOS_DEPLOYMENT_TARGET = 6.2;
			};
			name = Debug;
		};
		FC31C28524F8D39F00192A83 /* Release */ = {
			isa = XCBuildConfiguration;
			buildSettings = {
				ASSETCATALOG_COMPILER_COMPLICATION_NAME = Complication;
				CODE_SIGN_STYLE = Automatic;
				INFOPLIST_FILE = "TimeTracker WatchKit Extension/Info.plist";
				LD_RUNPATH_SEARCH_PATHS = (
					"$(inherited)",
					"@executable_path/Frameworks",
					"@executable_path/../../Frameworks",
				);
				PRODUCT_BUNDLE_IDENTIFIER = com.omrobbie.TimeTracker.watchkitapp.watchkitextension;
				PRODUCT_NAME = "${TARGET_NAME}";
				SDKROOT = watchos;
				SKIP_INSTALL = YES;
				SWIFT_VERSION = 5.0;
				TARGETED_DEVICE_FAMILY = 4;
				WATCHOS_DEPLOYMENT_TARGET = 6.2;
			};
			name = Release;
		};
		FC31C28824F8D39F00192A83 /* Debug */ = {
			isa = XCBuildConfiguration;
			buildSettings = {
				ALWAYS_EMBED_SWIFT_STANDARD_LIBRARIES = YES;
				ASSETCATALOG_COMPILER_APPICON_NAME = AppIcon;
				CODE_SIGN_STYLE = Automatic;
				IBSC_MODULE = TimeTracker_WatchKit_Extension;
				INFOPLIST_FILE = "TimeTracker WatchKit App/Info.plist";
				PRODUCT_BUNDLE_IDENTIFIER = com.omrobbie.TimeTracker.watchkitapp;
				PRODUCT_NAME = "$(TARGET_NAME)";
				SDKROOT = watchos;
				SKIP_INSTALL = YES;
				SWIFT_VERSION = 5.0;
				TARGETED_DEVICE_FAMILY = 4;
				WATCHOS_DEPLOYMENT_TARGET = 6.2;
			};
			name = Debug;
		};
		FC31C28924F8D39F00192A83 /* Release */ = {
			isa = XCBuildConfiguration;
			buildSettings = {
				ALWAYS_EMBED_SWIFT_STANDARD_LIBRARIES = YES;
				ASSETCATALOG_COMPILER_APPICON_NAME = AppIcon;
				CODE_SIGN_STYLE = Automatic;
				IBSC_MODULE = TimeTracker_WatchKit_Extension;
				INFOPLIST_FILE = "TimeTracker WatchKit App/Info.plist";
				PRODUCT_BUNDLE_IDENTIFIER = com.omrobbie.TimeTracker.watchkitapp;
				PRODUCT_NAME = "$(TARGET_NAME)";
				SDKROOT = watchos;
				SKIP_INSTALL = YES;
				SWIFT_VERSION = 5.0;
				TARGETED_DEVICE_FAMILY = 4;
				WATCHOS_DEPLOYMENT_TARGET = 6.2;
			};
			name = Release;
		};
		FC31C28C24F8D39F00192A83 /* Debug */ = {
			isa = XCBuildConfiguration;
			buildSettings = {
				ASSETCATALOG_COMPILER_APPICON_NAME = AppIcon;
				CODE_SIGN_STYLE = Automatic;
				INFOPLIST_FILE = TimeTracker/Info.plist;
				LD_RUNPATH_SEARCH_PATHS = (
					"$(inherited)",
					"@executable_path/Frameworks",
				);
				PRODUCT_BUNDLE_IDENTIFIER = com.omrobbie.TimeTracker;
				PRODUCT_NAME = "$(TARGET_NAME)";
				SWIFT_VERSION = 5.0;
				TARGETED_DEVICE_FAMILY = "1,2";
			};
			name = Debug;
		};
		FC31C28D24F8D39F00192A83 /* Release */ = {
			isa = XCBuildConfiguration;
			buildSettings = {
				ASSETCATALOG_COMPILER_APPICON_NAME = AppIcon;
				CODE_SIGN_STYLE = Automatic;
				INFOPLIST_FILE = TimeTracker/Info.plist;
				LD_RUNPATH_SEARCH_PATHS = (
					"$(inherited)",
					"@executable_path/Frameworks",
				);
				PRODUCT_BUNDLE_IDENTIFIER = com.omrobbie.TimeTracker;
				PRODUCT_NAME = "$(TARGET_NAME)";
				SWIFT_VERSION = 5.0;
				TARGETED_DEVICE_FAMILY = "1,2";
			};
			name = Release;
		};
/* End XCBuildConfiguration section */

/* Begin XCConfigurationList section */
		FC31C24D24F8D39A00192A83 /* Build configuration list for PBXProject "TimeTracker" */ = {
			isa = XCConfigurationList;
			buildConfigurations = (
				FC31C28124F8D39F00192A83 /* Debug */,
				FC31C28224F8D39F00192A83 /* Release */,
			);
			defaultConfigurationIsVisible = 0;
			defaultConfigurationName = Release;
		};
		FC31C28324F8D39F00192A83 /* Build configuration list for PBXNativeTarget "TimeTracker WatchKit Extension" */ = {
			isa = XCConfigurationList;
			buildConfigurations = (
				FC31C28424F8D39F00192A83 /* Debug */,
				FC31C28524F8D39F00192A83 /* Release */,
			);
			defaultConfigurationIsVisible = 0;
			defaultConfigurationName = Release;
		};
		FC31C28724F8D39F00192A83 /* Build configuration list for PBXNativeTarget "TimeTracker WatchKit App" */ = {
			isa = XCConfigurationList;
			buildConfigurations = (
				FC31C28824F8D39F00192A83 /* Debug */,
				FC31C28924F8D39F00192A83 /* Release */,
			);
			defaultConfigurationIsVisible = 0;
			defaultConfigurationName = Release;
		};
		FC31C28B24F8D39F00192A83 /* Build configuration list for PBXNativeTarget "TimeTracker" */ = {
			isa = XCConfigurationList;
			buildConfigurations = (
				FC31C28C24F8D39F00192A83 /* Debug */,
				FC31C28D24F8D39F00192A83 /* Release */,
			);
			defaultConfigurationIsVisible = 0;
			defaultConfigurationName = Release;
		};
/* End XCConfigurationList section */
	};
	rootObject = FC31C24A24F8D39A00192A83 /* Project object */;
}
