// !$*UTF8*$!
{
	archiveVersion = 1;
	classes = {
	};
	objectVersion = 50;
	objects = {

/* Begin PBXBuildFile section */
		FC25CB5724F3824C00DA8DC4 /* AppDelegate.swift in Sources */ = {isa = PBXBuildFile; fileRef = FC25CB5624F3824C00DA8DC4 /* AppDelegate.swift */; };
		FC25CB5924F3824C00DA8DC4 /* SceneDelegate.swift in Sources */ = {isa = PBXBuildFile; fileRef = FC25CB5824F3824C00DA8DC4 /* SceneDelegate.swift */; };
		FC25CB5B24F3824C00DA8DC4 /* ViewController.swift in Sources */ = {isa = PBXBuildFile; fileRef = FC25CB5A24F3824C00DA8DC4 /* ViewController.swift */; };
		FC25CB5E24F3824C00DA8DC4 /* Main.storyboard in Resources */ = {isa = PBXBuildFile; fileRef = FC25CB5C24F3824C00DA8DC4 /* Main.storyboard */; };
		FC25CB6124F3824C00DA8DC4 /* LoginDemo.xcdatamodeld in Sources */ = {isa = PBXBuildFile; fileRef = FC25CB5F24F3824C00DA8DC4 /* LoginDemo.xcdatamodeld */; };
		FC25CB6324F3824D00DA8DC4 /* Assets.xcassets in Resources */ = {isa = PBXBuildFile; fileRef = FC25CB6224F3824D00DA8DC4 /* Assets.xcassets */; };
		FC25CB6624F3824D00DA8DC4 /* LaunchScreen.storyboard in Resources */ = {isa = PBXBuildFile; fileRef = FC25CB6424F3824D00DA8DC4 /* LaunchScreen.storyboard */; };
/* End PBXBuildFile section */

/* Begin PBXFileReference section */
		FC25CB5324F3824C00DA8DC4 /* LoginDemo.app */ = {isa = PBXFileReference; explicitFileType = wrapper.application; includeInIndex = 0; path = LoginDemo.app; sourceTree = BUILT_PRODUCTS_DIR; };
		FC25CB5624F3824C00DA8DC4 /* AppDelegate.swift */ = {isa = PBXFileReference; lastKnownFileType = sourcecode.swift; path = AppDelegate.swift; sourceTree = "<group>"; };
		FC25CB5824F3824C00DA8DC4 /* SceneDelegate.swift */ = {isa = PBXFileReference; lastKnownFileType = sourcecode.swift; path = SceneDelegate.swift; sourceTree = "<group>"; };
		FC25CB5A24F3824C00DA8DC4 /* ViewController.swift */ = {isa = PBXFileReference; lastKnownFileType = sourcecode.swift; path = ViewController.swift; sourceTree = "<group>"; };
		FC25CB5D24F3824C00DA8DC4 /* Base */ = {isa = PBXFileReference; lastKnownFileType = file.storyboard; name = Base; path = Base.lproj/Main.storyboard; sourceTree = "<group>"; };
		FC25CB6024F3824C00DA8DC4 /* LoginDemo.xcdatamodel */ = {isa = PBXFileReference; lastKnownFileType = wrapper.xcdatamodel; path = LoginDemo.xcdatamodel; sourceTree = "<group>"; };
		FC25CB6224F3824D00DA8DC4 /* Assets.xcassets */ = {isa = PBXFileReference; lastKnownFileType = folder.assetcatalog; path = Assets.xcassets; sourceTree = "<group>"; };
		FC25CB6524F3824D00DA8DC4 /* Base */ = {isa = PBXFileReference; lastKnownFileType = file.storyboard; name = Base; path = Base.lproj/LaunchScreen.storyboard; sourceTree = "<group>"; };
		FC25CB6724F3824D00DA8DC4 /* Info.plist */ = {isa = PBXFileReference; lastKnownFileType = text.plist.xml; path = Info.plist; sourceTree = "<group>"; };
/* End PBXFileReference section */

/* Begin PBXFrameworksBuildPhase section */
		FC25CB5024F3824C00DA8DC4 /* Frameworks */ = {
			isa = PBXFrameworksBuildPhase;
			buildActionMask = 2147483647;
			files = (
			);
			runOnlyForDeploymentPostprocessing = 0;
		};
/* End PBXFrameworksBuildPhase section */

/* Begin PBXGroup section */
		FC25CB4A24F3824C00DA8DC4 = {
			isa = PBXGroup;
			children = (
				FC25CB5524F3824C00DA8DC4 /* LoginDemo */,
				FC25CB5424F3824C00DA8DC4 /* Products */,
			);
			sourceTree = "<group>";
		};
		FC25CB5424F3824C00DA8DC4 /* Products */ = {
			isa = PBXGroup;
			children = (
				FC25CB5324F3824C00DA8DC4 /* LoginDemo.app */,
			);
			name = Products;
			sourceTree = "<group>";
		};
		FC25CB5524F3824C00DA8DC4 /* LoginDemo */ = {
			isa = PBXGroup;
			children = (
				FC25CB5624F3824C00DA8DC4 /* AppDelegate.swift */,
				FC25CB5824F3824C00DA8DC4 /* SceneDelegate.swift */,
				FC25CB5A24F3824C00DA8DC4 /* ViewController.swift */,
				FC25CB5C24F3824C00DA8DC4 /* Main.storyboard */,
				FC25CB6224F3824D00DA8DC4 /* Assets.xcassets */,
				FC25CB6424F3824D00DA8DC4 /* LaunchScreen.storyboard */,
				FC25CB6724F3824D00DA8DC4 /* Info.plist */,
				FC25CB5F24F3824C00DA8DC4 /* LoginDemo.xcdatamodeld */,
			);
			path = LoginDemo;
			sourceTree = "<group>";
		};
/* End PBXGroup section */

/* Begin PBXNativeTarget section */
		FC25CB5224F3824C00DA8DC4 /* LoginDemo */ = {
			isa = PBXNativeTarget;
			buildConfigurationList = FC25CB6A24F3824D00DA8DC4 /* Build configuration list for PBXNativeTarget "LoginDemo" */;
			buildPhases = (
				FC25CB4F24F3824C00DA8DC4 /* Sources */,
				FC25CB5024F3824C00DA8DC4 /* Frameworks */,
				FC25CB5124F3824C00DA8DC4 /* Resources */,
			);
			buildRules = (
			);
			dependencies = (
			);
			name = LoginDemo;
			productName = LoginDemo;
			productReference = FC25CB5324F3824C00DA8DC4 /* LoginDemo.app */;
			productType = "com.apple.product-type.application";
		};
/* End PBXNativeTarget section */

/* Begin PBXProject section */
		FC25CB4B24F3824C00DA8DC4 /* Project object */ = {
			isa = PBXProject;
			attributes = {
				LastSwiftUpdateCheck = 1160;
				LastUpgradeCheck = 1160;
				ORGANIZATIONNAME = omrobbie;
				TargetAttributes = {
					FC25CB5224F3824C00DA8DC4 = {
						CreatedOnToolsVersion = 11.6;
					};
				};
			};
			buildConfigurationList = FC25CB4E24F3824C00DA8DC4 /* Build configuration list for PBXProject "LoginDemo" */;
			compatibilityVersion = "Xcode 9.3";
			developmentRegion = en;
			hasScannedForEncodings = 0;
			knownRegions = (
				en,
				Base,
			);
			mainGroup = FC25CB4A24F3824C00DA8DC4;
			productRefGroup = FC25CB5424F3824C00DA8DC4 /* Products */;
			projectDirPath = "";
			projectRoot = "";
			targets = (
				FC25CB5224F3824C00DA8DC4 /* LoginDemo */,
			);
		};
/* End PBXProject section */

/* Begin PBXResourcesBuildPhase section */
		FC25CB5124F3824C00DA8DC4 /* Resources */ = {
			isa = PBXResourcesBuildPhase;
			buildActionMask = 2147483647;
			files = (
				FC25CB6624F3824D00DA8DC4 /* LaunchScreen.storyboard in Resources */,
				FC25CB6324F3824D00DA8DC4 /* Assets.xcassets in Resources */,
				FC25CB5E24F3824C00DA8DC4 /* Main.storyboard in Resources */,
			);
			runOnlyForDeploymentPostprocessing = 0;
		};
/* End PBXResourcesBuildPhase section */

/* Begin PBXSourcesBuildPhase section */
		FC25CB4F24F3824C00DA8DC4 /* Sources */ = {
			isa = PBXSourcesBuildPhase;
			buildActionMask = 2147483647;
			files = (
				FC25CB6124F3824C00DA8DC4 /* LoginDemo.xcdatamodeld in Sources */,
				FC25CB5B24F3824C00DA8DC4 /* ViewController.swift in Sources */,
				FC25CB5724F3824C00DA8DC4 /* AppDelegate.swift in Sources */,
				FC25CB5924F3824C00DA8DC4 /* SceneDelegate.swift in Sources */,
			);
			runOnlyForDeploymentPostprocessing = 0;
		};
/* End PBXSourcesBuildPhase section */

/* Begin PBXVariantGroup section */
		FC25CB5C24F3824C00DA8DC4 /* Main.storyboard */ = {
			isa = PBXVariantGroup;
			children = (
				FC25CB5D24F3824C00DA8DC4 /* Base */,
			);
			name = Main.storyboard;
			sourceTree = "<group>";
		};
		FC25CB6424F3824D00DA8DC4 /* LaunchScreen.storyboard */ = {
			isa = PBXVariantGroup;
			children = (
				FC25CB6524F3824D00DA8DC4 /* Base */,
			);
			name = LaunchScreen.storyboard;
			sourceTree = "<group>";
		};
/* End PBXVariantGroup section */

/* Begin XCBuildConfiguration section */
		FC25CB6824F3824D00DA8DC4 /* Debug */ = {
			isa = XCBuildConfiguration;
			buildSettings = {
				ALWAYS_SEARCH_USER_PATHS = NO;
				CLANG_ANALYZER_NONNULL = YES;
				CLANG_ANALYZER_NUMBER_OBJECT_CONVERSION = YES_AGGRESSIVE;
				CLANG_CXX_LANGUAGE_STANDARD = "gnu++14";
				CLANG_CXX_LIBRARY = "libc++";
				CLANG_ENABLE_MODULES = YES;
				CLANG_ENABLE_OBJC_ARC = YES;
				CLANG_ENABLE_OBJC_WEAK = YES;
				CLANG_WARN_BLOCK_CAPTURE_AUTORELEASING = YES;
				CLANG_WARN_BOOL_CONVERSION = YES;
				CLANG_WARN_COMMA = YES;
				CLANG_WARN_CONSTANT_CONVERSION = YES;
				CLANG_WARN_DEPRECATED_OBJC_IMPLEMENTATIONS = YES;
				CLANG_WARN_DIRECT_OBJC_ISA_USAGE = YES_ERROR;
				CLANG_WARN_DOCUMENTATION_COMMENTS = YES;
				CLANG_WARN_EMPTY_BODY = YES;
				CLANG_WARN_ENUM_CONVERSION = YES;
				CLANG_WARN_INFINITE_RECURSION = YES;
				CLANG_WARN_INT_CONVERSION = YES;
				CLANG_WARN_NON_LITERAL_NULL_CONVERSION = YES;
				CLANG_WARN_OBJC_IMPLICIT_RETAIN_SELF = YES;
				CLANG_WARN_OBJC_LITERAL_CONVERSION = YES;
				CLANG_WARN_OBJC_ROOT_CLASS = YES_ERROR;
				CLANG_WARN_RANGE_LOOP_ANALYSIS = YES;
				CLANG_WARN_STRICT_PROTOTYPES = YES;
				CLANG_WARN_SUSPICIOUS_MOVE = YES;
				CLANG_WARN_UNGUARDED_AVAILABILITY = YES_AGGRESSIVE;
				CLANG_WARN_UNREACHABLE_CODE = YES;
				CLANG_WARN__DUPLICATE_METHOD_MATCH = YES;
				COPY_PHASE_STRIP = NO;
				DEBUG_INFORMATION_FORMAT = dwarf;
				ENABLE_STRICT_OBJC_MSGSEND = YES;
				ENABLE_TESTABILITY = YES;
				GCC_C_LANGUAGE_STANDARD = gnu11;
				GCC_DYNAMIC_NO_PIC = NO;
				GCC_NO_COMMON_BLOCKS = YES;
				GCC_OPTIMIZATION_LEVEL = 0;
				GCC_PREPROCESSOR_DEFINITIONS = (
					"DEBUG=1",
					"$(inherited)",
				);
				GCC_WARN_64_TO_32_BIT_CONVERSION = YES;
				GCC_WARN_ABOUT_RETURN_TYPE = YES_ERROR;
				GCC_WARN_UNDECLARED_SELECTOR = YES;
				GCC_WARN_UNINITIALIZED_AUTOS = YES_AGGRESSIVE;
				GCC_WARN_UNUSED_FUNCTION = YES;
				GCC_WARN_UNUSED_VARIABLE = YES;
				IPHONEOS_DEPLOYMENT_TARGET = 13.6;
				MTL_ENABLE_DEBUG_INFO = INCLUDE_SOURCE;
				MTL_FAST_MATH = YES;
				ONLY_ACTIVE_ARCH = YES;
				SDKROOT = iphoneos;
				SWIFT_ACTIVE_COMPILATION_CONDITIONS = DEBUG;
				SWIFT_OPTIMIZATION_LEVEL = "-Onone";
			};
			name = Debug;
		};
		FC25CB6924F3824D00DA8DC4 /* Release */ = {
			isa = XCBuildConfiguration;
			buildSettings = {
				ALWAYS_SEARCH_USER_PATHS = NO;
				CLANG_ANALYZER_NONNULL = YES;
				CLANG_ANALYZER_NUMBER_OBJECT_CONVERSION = YES_AGGRESSIVE;
				CLANG_CXX_LANGUAGE_STANDARD = "gnu++14";
				CLANG_CXX_LIBRARY = "libc++";
				CLANG_ENABLE_MODULES = YES;
				CLANG_ENABLE_OBJC_ARC = YES;
				CLANG_ENABLE_OBJC_WEAK = YES;
				CLANG_WARN_BLOCK_CAPTURE_AUTORELEASING = YES;
				CLANG_WARN_BOOL_CONVERSION = YES;
				CLANG_WARN_COMMA = YES;
				CLANG_WARN_CONSTANT_CONVERSION = YES;
				CLANG_WARN_DEPRECATED_OBJC_IMPLEMENTATIONS = YES;
				CLANG_WARN_DIRECT_OBJC_ISA_USAGE = YES_ERROR;
				CLANG_WARN_DOCUMENTATION_COMMENTS = YES;
				CLANG_WARN_EMPTY_BODY = YES;
				CLANG_WARN_ENUM_CONVERSION = YES;
				CLANG_WARN_INFINITE_RECURSION = YES;
				CLANG_WARN_INT_CONVERSION = YES;
				CLANG_WARN_NON_LITERAL_NULL_CONVERSION = YES;
				CLANG_WARN_OBJC_IMPLICIT_RETAIN_SELF = YES;
				CLANG_WARN_OBJC_LITERAL_CONVERSION = YES;
				CLANG_WARN_OBJC_ROOT_CLASS = YES_ERROR;
				CLANG_WARN_RANGE_LOOP_ANALYSIS = YES;
				CLANG_WARN_STRICT_PROTOTYPES = YES;
				CLANG_WARN_SUSPICIOUS_MOVE = YES;
				CLANG_WARN_UNGUARDED_AVAILABILITY = YES_AGGRESSIVE;
				CLANG_WARN_UNREACHABLE_CODE = YES;
				CLANG_WARN__DUPLICATE_METHOD_MATCH = YES;
				COPY_PHASE_STRIP = NO;
				DEBUG_INFORMATION_FORMAT = "dwarf-with-dsym";
				ENABLE_NS_ASSERTIONS = NO;
				ENABLE_STRICT_OBJC_MSGSEND = YES;
				GCC_C_LANGUAGE_STANDARD = gnu11;
				GCC_NO_COMMON_BLOCKS = YES;
				GCC_WARN_64_TO_32_BIT_CONVERSION = YES;
				GCC_WARN_ABOUT_RETURN_TYPE = YES_ERROR;
				GCC_WARN_UNDECLARED_SELECTOR = YES;
				GCC_WARN_UNINITIALIZED_AUTOS = YES_AGGRESSIVE;
				GCC_WARN_UNUSED_FUNCTION = YES;
				GCC_WARN_UNUSED_VARIABLE = YES;
				IPHONEOS_DEPLOYMENT_TARGET = 13.6;
				MTL_ENABLE_DEBUG_INFO = NO;
				MTL_FAST_MATH = YES;
				SDKROOT = iphoneos;
				SWIFT_COMPILATION_MODE = wholemodule;
				SWIFT_OPTIMIZATION_LEVEL = "-O";
				VALIDATE_PRODUCT = YES;
			};
			name = Release;
		};
		FC25CB6B24F3824D00DA8DC4 /* Debug */ = {
			isa = XCBuildConfiguration;
			buildSettings = {
				ASSETCATALOG_COMPILER_APPICON_NAME = AppIcon;
				CODE_SIGN_STYLE = Automatic;
				INFOPLIST_FILE = LoginDemo/Info.plist;
				LD_RUNPATH_SEARCH_PATHS = (
					"$(inherited)",
					"@executable_path/Frameworks",
				);
				PRODUCT_BUNDLE_IDENTIFIER = com.omrobbie.LoginDemo;
				PRODUCT_NAME = "$(TARGET_NAME)";
				SWIFT_VERSION = 5.0;
				TARGETED_DEVICE_FAMILY = 1;
			};
			name = Debug;
		};
		FC25CB6C24F3824D00DA8DC4 /* Release */ = {
			isa = XCBuildConfiguration;
			buildSettings = {
				ASSETCATALOG_COMPILER_APPICON_NAME = AppIcon;
				CODE_SIGN_STYLE = Automatic;
				INFOPLIST_FILE = LoginDemo/Info.plist;
				LD_RUNPATH_SEARCH_PATHS = (
					"$(inherited)",
					"@executable_path/Frameworks",
				);
				PRODUCT_BUNDLE_IDENTIFIER = com.omrobbie.LoginDemo;
				PRODUCT_NAME = "$(TARGET_NAME)";
				SWIFT_VERSION = 5.0;
				TARGETED_DEVICE_FAMILY = 1;
			};
			name = Release;
		};
/* End XCBuildConfiguration section */

/* Begin XCConfigurationList section */
		FC25CB4E24F3824C00DA8DC4 /* Build configuration list for PBXProject "LoginDemo" */ = {
			isa = XCConfigurationList;
			buildConfigurations = (
				FC25CB6824F3824D00DA8DC4 /* Debug */,
				FC25CB6924F3824D00DA8DC4 /* Release */,
			);
			defaultConfigurationIsVisible = 0;
			defaultConfigurationName = Release;
		};
		FC25CB6A24F3824D00DA8DC4 /* Build configuration list for PBXNativeTarget "LoginDemo" */ = {
			isa = XCConfigurationList;
			buildConfigurations = (
				FC25CB6B24F3824D00DA8DC4 /* Debug */,
				FC25CB6C24F3824D00DA8DC4 /* Release */,
			);
			defaultConfigurationIsVisible = 0;
			defaultConfigurationName = Release;
		};
/* End XCConfigurationList section */

/* Begin XCVersionGroup section */
		FC25CB5F24F3824C00DA8DC4 /* LoginDemo.xcdatamodeld */ = {
			isa = XCVersionGroup;
			children = (
				FC25CB6024F3824C00DA8DC4 /* LoginDemo.xcdatamodel */,
			);
			currentVersion = FC25CB6024F3824C00DA8DC4 /* LoginDemo.xcdatamodel */;
			path = LoginDemo.xcdatamodeld;
			sourceTree = "<group>";
			versionGroupType = wrapper.xcdatamodel;
		};
/* End XCVersionGroup section */
	};
	rootObject = FC25CB4B24F3824C00DA8DC4 /* Project object */;
}
